PODS:
  - Gifu (3.3.1)
  - Nuke (10.7.1)
  - NukeUI (0.8.0):
    - Gifu (~> 3.0)
    - Nuke (~> 10.5)
  - youtube-ios-player-helper (1.0.4)

DEPENDENCIES:
  - NukeUI (~> 0.8.0)
  - youtube-ios-player-helper (~> 1.0.4)

SPEC REPOS:
  trunk:
    - Gifu
    - Nuke
    - NukeUI
    - youtube-ios-player-helper

SPEC CHECKSUMS:
  Gifu: 416d4e38c4c2fed012f019e0a1d3ffcb58e5b842
  Nuke: 279f17a599fd1c83cf51de5e0e1f2db143a287b0
  NukeUI: 6e99837a8d066c93baa4262692d9ea9ffbc863ba
  youtube-ios-player-helper: e9b97535e816db3152179d84d999bc1807ecd689

PODFILE CHECKSUM: 2b1f5d4d54d7c6dfbdcf2c4061d43f8ad2d4db42

COCOAPODS: 1.11.2
